// !$*UTF8*$!
{
	archiveVersion = 1;
	classes = {
	};
	objectVersion = 77;
	objects = {

/* Begin PBXBuildFile section */
		336C159D21D03F356747CEE8 /* CacheManager.swift in Sources */ = {isa = PBXBuildFile; fileRef = 0B6B89D83C1ED5C2B144511C /* CacheManager.swift */; };
		3933186D66874CD2CF741F6E /* Assets.xcassets in Resources */ = {isa = PBXBuildFile; fileRef = AE0EE9D824E420BA9629C147 /* Assets.xcassets */; };
		515C7C0A198063B5EF1ECC91 /* StoryDetailView.swift in Sources */ = {isa = PBXBuildFile; fileRef = E168D9BCFFE3B48C8411F3AD /* StoryDetailView.swift */; };
		680F2549FB6A864A179081A9 /* APIService.swift in Sources */ = {isa = PBXBuildFile; fileRef = D2545086B8BD7EAC8EE18993 /* APIService.swift */; };
		6FD1831DA817273D38B627A5 /* HexagonApp.swift in Sources */ = {isa = PBXBuildFile; fileRef = DB6447724AA5891B40BEEA0E /* HexagonApp.swift */; };
		CDCD98166024B5BD157BDE25 /* Story.swift in Sources */ = {isa = PBXBuildFile; fileRef = 7AF49CBFCC978A6CAF91E4F0 /* Story.swift */; };
		EFA0A71CEC056CDCE6B0495C /* StoryListView.swift in Sources */ = {isa = PBXBuildFile; fileRef = C5F1C77AFC7BD643AFB55219 /* StoryListView.swift */; };
/* End PBXBuildFile section */

/* Begin PBXFileReference section */
		03CD6C1AF9601ADC7AC33BDC /* Info.plist */ = {isa = PBXFileReference; lastKnownFileType = text.plist; path = Info.plist; sourceTree = "<group>"; };
		0B6B89D83C1ED5C2B144511C /* CacheManager.swift */ = {isa = PBXFileReference; lastKnownFileType = sourcecode.swift; path = CacheManager.swift; sourceTree = "<group>"; };
		17934F8367BD7EC564FE9D06 /* HexagonApp.app */ = {isa = PBXFileReference; includeInIndex = 0; lastKnownFileType = wrapper.application; path = HexagonApp.app; sourceTree = BUILT_PRODUCTS_DIR; };
		7AF49CBFCC978A6CAF91E4F0 /* Story.swift */ = {isa = PBXFileReference; lastKnownFileType = sourcecode.swift; path = Story.swift; sourceTree = "<group>"; };
		AE0EE9D824E420BA9629C147 /* Assets.xcassets */ = {isa = PBXFileReference; lastKnownFileType = folder.assetcatalog; path = Assets.xcassets; sourceTree = "<group>"; };
		C5F1C77AFC7BD643AFB55219 /* StoryListView.swift */ = {isa = PBXFileReference; lastKnownFileType = sourcecode.swift; path = StoryListView.swift; sourceTree = "<group>"; };
		D2545086B8BD7EAC8EE18993 /* APIService.swift */ = {isa = PBXFileReference; lastKnownFileType = sourcecode.swift; path = APIService.swift; sourceTree = "<group>"; };
		DB6447724AA5891B40BEEA0E /* HexagonApp.swift */ = {isa = PBXFileReference; lastKnownFileType = sourcecode.swift; path = HexagonApp.swift; sourceTree = "<group>"; };
		E168D9BCFFE3B48C8411F3AD /* StoryDetailView.swift */ = {isa = PBXFileReference; lastKnownFileType = sourcecode.swift; path = StoryDetailView.swift; sourceTree = "<group>"; };
/* End PBXFileReference section */

/* Begin PBXGroup section */
		1314508086FD4E1B2E7B4B42 /* Views */ = {
			isa = PBXGroup;
			children = (
				E168D9BCFFE3B48C8411F3AD /* StoryDetailView.swift */,
				C5F1C77AFC7BD643AFB55219 /* StoryListView.swift */,
			);
			path = Views;
			sourceTree = "<group>";
		};
		367EC206F5CBC68AD375D053 /* Products */ = {
			isa = PBXGroup;
			children = (
				17934F8367BD7EC564FE9D06 /* HexagonApp.app */,
			);
			name = Products;
			sourceTree = "<group>";
		};
		643F21D726F97F0D559DD41E /* Services */ = {
			isa = PBXGroup;
			children = (
				D2545086B8BD7EAC8EE18993 /* APIService.swift */,
				0B6B89D83C1ED5C2B144511C /* CacheManager.swift */,
			);
			path = Services;
			sourceTree = "<group>";
		};
		A2851B4281097531CC7C8E96 = {
			isa = PBXGroup;
			children = (
				B9F1393AB630EC0BA1332368 /* HexagonApp */,
				367EC206F5CBC68AD375D053 /* Products */,
			);
			sourceTree = "<group>";
		};
		B9F1393AB630EC0BA1332368 /* HexagonApp */ = {
			isa = PBXGroup;
			children = (
				AE0EE9D824E420BA9629C147 /* Assets.xcassets */,
				DB6447724AA5891B40BEEA0E /* HexagonApp.swift */,
				03CD6C1AF9601ADC7AC33BDC /* Info.plist */,
				C9248D1AAD36D1C78A01487E /* Models */,
				643F21D726F97F0D559DD41E /* Services */,
				1314508086FD4E1B2E7B4B42 /* Views */,
			);
			path = HexagonApp;
			sourceTree = "<group>";
		};
		C9248D1AAD36D1C78A01487E /* Models */ = {
			isa = PBXGroup;
			children = (
				7AF49CBFCC978A6CAF91E4F0 /* Story.swift */,
			);
			path = Models;
			sourceTree = "<group>";
		};
/* End PBXGroup section */

/* Begin PBXNativeTarget section */
		4A143554FF370AF6DA437BE7 /* HexagonApp */ = {
			isa = PBXNativeTarget;
			buildConfigurationList = 0251135E6F73F333ED4AB9CD /* Build configuration list for PBXNativeTarget "HexagonApp" */;
			buildPhases = (
				A417220A8A67E89688ECCBA8 /* Sources */,
				EDF4E75B80C48CF8096CB9EB /* Resources */,
			);
			buildRules = (
			);
			dependencies = (
			);
			name = HexagonApp;
			packageProductDependencies = (
			);
			productName = HexagonApp;
			productReference = 17934F8367BD7EC564FE9D06 /* HexagonApp.app */;
			productType = "com.apple.product-type.application";
		};
/* End PBXNativeTarget section */

/* Begin PBXProject section */
		D62C416CC18BDFEB3EC00C41 /* Project object */ = {
			isa = PBXProject;
			attributes = {
				BuildIndependentTargetsInParallel = YES;
				LastUpgradeCheck = 1500;
				TargetAttributes = {
				};
			};
			buildConfigurationList = E7ACB8AE3BB82B1712B6F015 /* Build configuration list for PBXProject "HexagonApp" */;
			developmentRegion = en;
			hasScannedForEncodings = 0;
			knownRegions = (
				Base,
				en,
			);
			mainGroup = A2851B4281097531CC7C8E96;
			minimizedProjectReferenceProxies = 1;
			preferredProjectObjectVersion = 77;
			productRefGroup = 367EC206F5CBC68AD375D053 /* Products */;
			projectDirPath = "";
			projectRoot = "";
			targets = (
				4A143554FF370AF6DA437BE7 /* HexagonApp */,
			);
		};
/* End PBXProject section */

/* Begin PBXResourcesBuildPhase section */
		EDF4E75B80C48CF8096CB9EB /* Resources */ = {
			isa = PBXResourcesBuildPhase;
			buildActionMask = 2147483647;
			files = (
				3933186D66874CD2CF741F6E /* Assets.xcassets in Resources */,
			);
			runOnlyForDeploymentPostprocessing = 0;
		};
/* End PBXResourcesBuildPhase section */

/* Begin PBXSourcesBuildPhase section */
		A417220A8A67E89688ECCBA8 /* Sources */ = {
			isa = PBXSourcesBuildPhase;
			buildActionMask = 2147483647;
			files = (
				680F2549FB6A864A179081A9 /* APIService.swift in Sources */,
				336C159D21D03F356747CEE8 /* CacheManager.swift in Sources */,
				6FD1831DA817273D38B627A5 /* HexagonApp.swift in Sources */,
				CDCD98166024B5BD157BDE25 /* Story.swift in Sources */,
				515C7C0A198063B5EF1ECC91 /* StoryDetailView.swift in Sources */,
				EFA0A71CEC056CDCE6B0495C /* StoryListView.swift in Sources */,
			);
			runOnlyForDeploymentPostprocessing = 0;
		};
/* End PBXSourcesBuildPhase section */

/* Begin XCBuildConfiguration section */
		35763A52067D84D868F7E713 /* Release */ = {
			isa = XCBuildConfiguration;
			buildSettings = {
				ASSETCATALOG_COMPILER_APPICON_NAME = AppIcon;
				CODE_SIGN_IDENTITY = "iPhone Developer";
				CURRENT_PROJECT_VERSION = 1;
				GENERATE_INFOPLIST_FILE = NO;
				INFOPLIST_FILE = HexagonApp/Info.plist;
				LD_RUNPATH_SEARCH_PATHS = (
					"$(inherited)",
					"@executable_path/Frameworks",
				);
				MARKETING_VERSION = 1.0.0;
				PRODUCT_BUNDLE_IDENTIFIER = com.hexagon.app;
				SDKROOT = iphoneos;
				TARGETED_DEVICE_FAMILY = "1,2";
			};
			name = Release;
		};
		75A5C497ED44151CF8016029 /* Release */ = {
			isa = XCBuildConfiguration;
			buildSettings = {
				ALWAYS_SEARCH_USER_PATHS = NO;
				CLANG_ANALYZER_NONNULL = YES;
				CLANG_ANALYZER_NUMBER_OBJECT_CONVERSION = YES_AGGRESSIVE;
				CLANG_CXX_LANGUAGE_STANDARD = "gnu++14";
				CLANG_CXX_LIBRARY = "libc++";
				CLANG_ENABLE_MODULES = YES;
				CLANG_ENABLE_OBJC_ARC = YES;
				CLANG_ENABLE_OBJC_WEAK = YES;
				CLANG_WARN_BLOCK_CAPTURE_AUTORELEASING = YES;
				CLANG_WARN_BOOL_CONVERSION = YES;
				CLANG_WARN_COMMA = YES;
				CLANG_WARN_CONSTANT_CONVERSION = YES;
				CLANG_WARN_DEPRECATED_OBJC_IMPLEMENTATIONS = YES;
				CLANG_WARN_DIRECT_OBJC_ISA_USAGE = YES_ERROR;
				CLANG_WARN_DOCUMENTATION_COMMENTS = YES;
				CLANG_WARN_EMPTY_BODY = YES;
				CLANG_WARN_ENUM_CONVERSION = YES;
				CLANG_WARN_INFINITE_RECURSION = YES;
				CLANG_WARN_INT_CONVERSION = YES;
				CLANG_WARN_NON_LITERAL_NULL_CONVERSION = YES;
				CLANG_WARN_OBJC_IMPLICIT_RETAIN_SELF = YES;
				CLANG_WARN_OBJC_LITERAL_CONVERSION = YES;
				CLANG_WARN_OBJC_ROOT_CLASS = YES_ERROR;
				CLANG_WARN_QUOTED_INCLUDE_IN_FRAMEWORK_HEADER = YES;
				CLANG_WARN_RANGE_LOOP_ANALYSIS = YES;
				CLANG_WARN_STRICT_PROTOTYPES = YES;
				CLANG_WARN_SUSPICIOUS_MOVE = YES;
				CLANG_WARN_UNGUARDED_AVAILABILITY = YES_AGGRESSIVE;
				CLANG_WARN_UNREACHABLE_CODE = YES;
				CLANG_WARN__DUPLICATE_METHOD_MATCH = YES;
				COPY_PHASE_STRIP = NO;
				DEBUG_INFORMATION_FORMAT = "dwarf-with-dsym";
				ENABLE_NS_ASSERTIONS = NO;
				ENABLE_STRICT_OBJC_MSGSEND = YES;
				GCC_C_LANGUAGE_STANDARD = gnu11;
				GCC_NO_COMMON_BLOCKS = YES;
				GCC_WARN_64_TO_32_BIT_CONVERSION = YES;
				GCC_WARN_ABOUT_RETURN_TYPE = YES_ERROR;
				GCC_WARN_UNDECLARED_SELECTOR = YES;
				GCC_WARN_UNINITIALIZED_AUTOS = YES_AGGRESSIVE;
				GCC_WARN_UNUSED_FUNCTION = YES;
				GCC_WARN_UNUSED_VARIABLE = YES;
				IPHONEOS_DEPLOYMENT_TARGET = 16.0;
				MTL_ENABLE_DEBUG_INFO = NO;
				MTL_FAST_MATH = YES;
				PRODUCT_NAME = "$(TARGET_NAME)";
				SDKROOT = iphoneos;
				SWIFT_COMPILATION_MODE = wholemodule;
				SWIFT_OPTIMIZATION_LEVEL = "-O";
				SWIFT_VERSION = 5.9;
				TARGETED_DEVICE_FAMILY = "1,2";
			};
			name = Release;
		};
		BD6D67D838658841E436B128 /* Debug */ = {
			isa = XCBuildConfiguration;
			buildSettings = {
				ASSETCATALOG_COMPILER_APPICON_NAME = AppIcon;
				CODE_SIGN_IDENTITY = "iPhone Developer";
				CURRENT_PROJECT_VERSION = 1;
				GENERATE_INFOPLIST_FILE = NO;
				INFOPLIST_FILE = HexagonApp/Info.plist;
				LD_RUNPATH_SEARCH_PATHS = (
					"$(inherited)",
					"@executable_path/Frameworks",
				);
				MARKETING_VERSION = 1.0.0;
				PRODUCT_BUNDLE_IDENTIFIER = com.hexagon.app;
				SDKROOT = iphoneos;
				TARGETED_DEVICE_FAMILY = "1,2";
			};
			name = Debug;
		};
		E9D49C6AD3AD00F10EC87468 /* Debug */ = {
			isa = XCBuildConfiguration;
			buildSettings = {
				ALWAYS_SEARCH_USER_PATHS = NO;
				CLANG_ANALYZER_NONNULL = YES;
				CLANG_ANALYZER_NUMBER_OBJECT_CONVERSION = YES_AGGRESSIVE;
				CLANG_CXX_LANGUAGE_STANDARD = "gnu++14";
				CLANG_CXX_LIBRARY = "libc++";
				CLANG_ENABLE_MODULES = YES;
				CLANG_ENABLE_OBJC_ARC = YES;
				CLANG_ENABLE_OBJC_WEAK = YES;
				CLANG_WARN_BLOCK_CAPTURE_AUTORELEASING = YES;
				CLANG_WARN_BOOL_CONVERSION = YES;
				CLANG_WARN_COMMA = YES;
				CLANG_WARN_CONSTANT_CONVERSION = YES;
				CLANG_WARN_DEPRECATED_OBJC_IMPLEMENTATIONS = YES;
				CLANG_WARN_DIRECT_OBJC_ISA_USAGE = YES_ERROR;
				CLANG_WARN_DOCUMENTATION_COMMENTS = YES;
				CLANG_WARN_EMPTY_BODY = YES;
				CLANG_WARN_ENUM_CONVERSION = YES;
				CLANG_WARN_INFINITE_RECURSION = YES;
				CLANG_WARN_INT_CONVERSION = YES;
				CLANG_WARN_NON_LITERAL_NULL_CONVERSION = YES;
				CLANG_WARN_OBJC_IMPLICIT_RETAIN_SELF = YES;
				CLANG_WARN_OBJC_LITERAL_CONVERSION = YES;
				CLANG_WARN_OBJC_ROOT_CLASS = YES_ERROR;
				CLANG_WARN_QUOTED_INCLUDE_IN_FRAMEWORK_HEADER = YES;
				CLANG_WARN_RANGE_LOOP_ANALYSIS = YES;
				CLANG_WARN_STRICT_PROTOTYPES = YES;
				CLANG_WARN_SUSPICIOUS_MOVE = YES;
				CLANG_WARN_UNGUARDED_AVAILABILITY = YES_AGGRESSIVE;
				CLANG_WARN_UNREACHABLE_CODE = YES;
				CLANG_WARN__DUPLICATE_METHOD_MATCH = YES;
				COPY_PHASE_STRIP = NO;
				DEBUG_INFORMATION_FORMAT = dwarf;
				ENABLE_STRICT_OBJC_MSGSEND = YES;
				ENABLE_TESTABILITY = YES;
				GCC_C_LANGUAGE_STANDARD = gnu11;
				GCC_DYNAMIC_NO_PIC = NO;
				GCC_NO_COMMON_BLOCKS = YES;
				GCC_OPTIMIZATION_LEVEL = 0;
				GCC_PREPROCESSOR_DEFINITIONS = (
					"$(inherited)",
					"DEBUG=1",
				);
				GCC_WARN_64_TO_32_BIT_CONVERSION = YES;
				GCC_WARN_ABOUT_RETURN_TYPE = YES_ERROR;
				GCC_WARN_UNDECLARED_SELECTOR = YES;
				GCC_WARN_UNINITIALIZED_AUTOS = YES_AGGRESSIVE;
				GCC_WARN_UNUSED_FUNCTION = YES;
				GCC_WARN_UNUSED_VARIABLE = YES;
				IPHONEOS_DEPLOYMENT_TARGET = 16.0;
				MTL_ENABLE_DEBUG_INFO = INCLUDE_SOURCE;
				MTL_FAST_MATH = YES;
				ONLY_ACTIVE_ARCH = YES;
				PRODUCT_NAME = "$(TARGET_NAME)";
				SDKROOT = iphoneos;
				SWIFT_ACTIVE_COMPILATION_CONDITIONS = DEBUG;
				SWIFT_OPTIMIZATION_LEVEL = "-Onone";
				SWIFT_VERSION = 5.9;
				TARGETED_DEVICE_FAMILY = "1,2";
			};
			name = Debug;
		};
/* End XCBuildConfiguration section */

/* Begin XCConfigurationList section */
		0251135E6F73F333ED4AB9CD /* Build configuration list for PBXNativeTarget "HexagonApp" */ = {
			isa = XCConfigurationList;
			buildConfigurations = (
				BD6D67D838658841E436B128 /* Debug */,
				35763A52067D84D868F7E713 /* Release */,
			);
			defaultConfigurationIsVisible = 0;
			defaultConfigurationName = Debug;
		};
		E7ACB8AE3BB82B1712B6F015 /* Build configuration list for PBXProject "HexagonApp" */ = {
			isa = XCConfigurationList;
			buildConfigurations = (
				E9D49C6AD3AD00F10EC87468 /* Debug */,
				75A5C497ED44151CF8016029 /* Release */,
			);
			defaultConfigurationIsVisible = 0;
			defaultConfigurationName = Debug;
		};
/* End XCConfigurationList section */
	};
	rootObject = D62C416CC18BDFEB3EC00C41 /* Project object */;
}
